
Microsoft Visual Studio Solution File, Format Version 12.00
# Visual Studio Version 16
VisualStudioVersion = 16.0.31727.386
MinimumVisualStudioVersion = 10.0.40219.1
Project("{FAE04EC0-301F-11D3-BF4B-00C04F79EFBC}") = "Notepad", "Notepad\Notepad.csproj", "{A2886D78-07D5-4907-A476-E63FE40DB561}"
EndProject
Global
	GlobalSection(SolutionConfigurationPlatforms) = preSolution
		Debug|Any CPU = Debug|Any CPU
		Release|Any CPU = Release|Any CPU
	EndGlobalSection
	GlobalSection(ProjectConfigurationPlatforms) = postSolution
		{A2886D78-07D5-4907-A476-E63FE40DB561}.Debug|Any CPU.ActiveCfg = Debug|Any CPU
		{A2886D78-07D5-4907-A476-E63FE40DB561}.Debug|Any CPU.Build.0 = Debug|Any CPU
		{A2886D78-07D5-4907-A476-E63FE40DB561}.Release|Any CPU.ActiveCfg = Release|Any CPU
		{A2886D78-07D5-4907-A476-E63FE40DB561}.Release|Any CPU.Build.0 = Release|Any CPU
	EndGlobalSection
	GlobalSection(SolutionProperties) = preSolution
		HideSolutionNode = FALSE
	EndGlobalSection
	GlobalSection(ExtensibilityGlobals) = postSolution
		SolutionGuid = {3665FB9A-B4FD-4F53-938F-35C74A7EFD23}
	EndGlobalSection
EndGlobal
